
Microsoft Visual Studio Solution File, Format Version 11.00
# Visual C# Express 2010
Project("{FAE04EC0-301F-11D3-BF4B-00C04F79EFBC}") = "MonoGame.Framework.Windows", "MonoGame.Framework\MonoGame.Framework.Windows.csproj", "{7DE47032-A904-4C29-BD22-2D235E8D91BA}"
EndProject
Project("{FAE04EC0-301F-11D3-BF4B-00C04F79EFBC}") = "Lidgren.Network.Windows", "ThirdParty\Lidgren.Network\Lidgren.Network.Windows.csproj", "{AE483C29-042E-4226-BA52-D247CE7676DA}"
EndProject
Project("{FAE04EC0-301F-11D3-BF4B-00C04F79EFBC}") = "MonoGame.Framework", "Projects\Windows\MonoGame.Framework.csproj", "{6CBEB36E-6086-4820-B9C7-602CE8E2F258}"
EndProject
Project("{FAE04EC0-301F-11D3-BF4B-00C04F79EFBC}") = "MonoGame.Framework.Graphics", "Projects\Windows\MonoGame.Framework.Graphics.csproj", "{14A84B2A-D9E1-4BB7-9FF0-E037BF0625F3}"
EndProject
Project("{FAE04EC0-301F-11D3-BF4B-00C04F79EFBC}") = "MonoGame.Framework.GamerServices", "Projects\Windows\MonoGame.Framework.GamerServices.csproj", "{8D9AA87A-39CE-4288-A95A-0B0A30ADA2A3}"
EndProject
Project("{FAE04EC0-301F-11D3-BF4B-00C04F79EFBC}") = "MonoGame.Framework.Net", "Projects\Windows\MonoGame.Framework.Net.csproj", "{49706DF8-D951-4029-9318-237FBCF97126}"
EndProject
Project("{FAE04EC0-301F-11D3-BF4B-00C04F79EFBC}") = "MonoGame.Framework.Game", "Projects\Windows\MonoGame.Framework.Game.csproj", "{E955E85A-C19A-4FF5-946D-B1E629ED2F67}"
EndProject
Project("{FAE04EC0-301F-11D3-BF4B-00C04F79EFBC}") = "MonoGame.Framework.Input.Touch", "Projects\Windows\MonoGame.Framework.Input.Touch.csproj", "{F2A45C64-05CB-4FC8-A5C6-55CEADA541C3}"
EndProject
Global
	GlobalSection(SolutionConfigurationPlatforms) = preSolution
		Debug|Any CPU = Debug|Any CPU
		Debug|Mixed Platforms = Debug|Mixed Platforms
		Debug|x86 = Debug|x86
		Release|Any CPU = Release|Any CPU
		Release|Mixed Platforms = Release|Mixed Platforms
		Release|x86 = Release|x86
	EndGlobalSection
	GlobalSection(ProjectConfigurationPlatforms) = postSolution
		{7DE47032-A904-4C29-BD22-2D235E8D91BA}.Debug|Any CPU.ActiveCfg = Debug|Any CPU
		{7DE47032-A904-4C29-BD22-2D235E8D91BA}.Debug|Any CPU.Build.0 = Debug|Any CPU
		{7DE47032-A904-4C29-BD22-2D235E8D91BA}.Debug|Mixed Platforms.ActiveCfg = Debug|Any CPU
		{7DE47032-A904-4C29-BD22-2D235E8D91BA}.Debug|Mixed Platforms.Build.0 = Debug|Any CPU
		{7DE47032-A904-4C29-BD22-2D235E8D91BA}.Debug|x86.ActiveCfg = Debug|x86
		{7DE47032-A904-4C29-BD22-2D235E8D91BA}.Debug|x86.Build.0 = Debug|x86
		{7DE47032-A904-4C29-BD22-2D235E8D91BA}.Release|Any CPU.ActiveCfg = Release|Any CPU
		{7DE47032-A904-4C29-BD22-2D235E8D91BA}.Release|Any CPU.Build.0 = Release|Any CPU
		{7DE47032-A904-4C29-BD22-2D235E8D91BA}.Release|Mixed Platforms.ActiveCfg = Release|Any CPU
		{7DE47032-A904-4C29-BD22-2D235E8D91BA}.Release|Mixed Platforms.Build.0 = Release|Any CPU
		{7DE47032-A904-4C29-BD22-2D235E8D91BA}.Release|x86.ActiveCfg = Release|x86
		{7DE47032-A904-4C29-BD22-2D235E8D91BA}.Release|x86.Build.0 = Release|x86
		{AE483C29-042E-4226-BA52-D247CE7676DA}.Debug|Any CPU.ActiveCfg = Debug|Any CPU
		{AE483C29-042E-4226-BA52-D247CE7676DA}.Debug|Any CPU.Build.0 = Debug|Any CPU
		{AE483C29-042E-4226-BA52-D247CE7676DA}.Debug|Mixed Platforms.ActiveCfg = Debug|Any CPU
		{AE483C29-042E-4226-BA52-D247CE7676DA}.Debug|Mixed Platforms.Build.0 = Debug|Any CPU
		{AE483C29-042E-4226-BA52-D247CE7676DA}.Debug|x86.ActiveCfg = Debug|Any CPU
		{AE483C29-042E-4226-BA52-D247CE7676DA}.Debug|x86.Build.0 = Debug|Any CPU
		{AE483C29-042E-4226-BA52-D247CE7676DA}.Release|Any CPU.ActiveCfg = Release|Any CPU
		{AE483C29-042E-4226-BA52-D247CE7676DA}.Release|Any CPU.Build.0 = Release|Any CPU
		{AE483C29-042E-4226-BA52-D247CE7676DA}.Release|Mixed Platforms.ActiveCfg = Release|Any CPU
		{AE483C29-042E-4226-BA52-D247CE7676DA}.Release|Mixed Platforms.Build.0 = Release|Any CPU
		{AE483C29-042E-4226-BA52-D247CE7676DA}.Release|x86.ActiveCfg = Release|Any CPU
		{AE483C29-042E-4226-BA52-D247CE7676DA}.Release|x86.Build.0 = Release|Any CPU
		{6CBEB36E-6086-4820-B9C7-602CE8E2F258}.Debug|Any CPU.ActiveCfg = Debug|x86
		{6CBEB36E-6086-4820-B9C7-602CE8E2F258}.Debug|Mixed Platforms.ActiveCfg = Debug|x86
		{6CBEB36E-6086-4820-B9C7-602CE8E2F258}.Debug|Mixed Platforms.Build.0 = Debug|x86
		{6CBEB36E-6086-4820-B9C7-602CE8E2F258}.Debug|x86.ActiveCfg = Debug|x86
		{6CBEB36E-6086-4820-B9C7-602CE8E2F258}.Debug|x86.Build.0 = Debug|x86
		{6CBEB36E-6086-4820-B9C7-602CE8E2F258}.Release|Any CPU.ActiveCfg = Release|x86
		{6CBEB36E-6086-4820-B9C7-602CE8E2F258}.Release|Mixed Platforms.ActiveCfg = Release|x86
		{6CBEB36E-6086-4820-B9C7-602CE8E2F258}.Release|Mixed Platforms.Build.0 = Release|x86
		{6CBEB36E-6086-4820-B9C7-602CE8E2F258}.Release|x86.ActiveCfg = Release|x86
		{6CBEB36E-6086-4820-B9C7-602CE8E2F258}.Release|x86.Build.0 = Release|x86
		{14A84B2A-D9E1-4BB7-9FF0-E037BF0625F3}.Debug|Any CPU.ActiveCfg = Debug|Any CPU
		{14A84B2A-D9E1-4BB7-9FF0-E037BF0625F3}.Debug|Any CPU.Build.0 = Debug|Any CPU
		{14A84B2A-D9E1-4BB7-9FF0-E037BF0625F3}.Debug|Mixed Platforms.ActiveCfg = Debug|Any CPU
		{14A84B2A-D9E1-4BB7-9FF0-E037BF0625F3}.Debug|Mixed Platforms.Build.0 = Debug|Any CPU
		{14A84B2A-D9E1-4BB7-9FF0-E037BF0625F3}.Debug|x86.ActiveCfg = Debug|Any CPU
		{14A84B2A-D9E1-4BB7-9FF0-E037BF0625F3}.Release|Any CPU.ActiveCfg = Release|Any CPU
		{14A84B2A-D9E1-4BB7-9FF0-E037BF0625F3}.Release|Any CPU.Build.0 = Release|Any CPU
		{14A84B2A-D9E1-4BB7-9FF0-E037BF0625F3}.Release|Mixed Platforms.ActiveCfg = Release|Any CPU
		{14A84B2A-D9E1-4BB7-9FF0-E037BF0625F3}.Release|Mixed Platforms.Build.0 = Release|Any CPU
		{14A84B2A-D9E1-4BB7-9FF0-E037BF0625F3}.Release|x86.ActiveCfg = Release|Any CPU
		{8D9AA87A-39CE-4288-A95A-0B0A30ADA2A3}.Debug|Any CPU.ActiveCfg = Debug|Any CPU
		{8D9AA87A-39CE-4288-A95A-0B0A30ADA2A3}.Debug|Any CPU.Build.0 = Debug|Any CPU
		{8D9AA87A-39CE-4288-A95A-0B0A30ADA2A3}.Debug|Mixed Platforms.ActiveCfg = Debug|Any CPU
		{8D9AA87A-39CE-4288-A95A-0B0A30ADA2A3}.Debug|Mixed Platforms.Build.0 = Debug|Any CPU
		{8D9AA87A-39CE-4288-A95A-0B0A30ADA2A3}.Debug|x86.ActiveCfg = Debug|Any CPU
		{8D9AA87A-39CE-4288-A95A-0B0A30ADA2A3}.Release|Any CPU.ActiveCfg = Release|Any CPU
		{8D9AA87A-39CE-4288-A95A-0B0A30ADA2A3}.Release|Any CPU.Build.0 = Release|Any CPU
		{8D9AA87A-39CE-4288-A95A-0B0A30ADA2A3}.Release|Mixed Platforms.ActiveCfg = Release|Any CPU
		{8D9AA87A-39CE-4288-A95A-0B0A30ADA2A3}.Release|Mixed Platforms.Build.0 = Release|Any CPU
		{8D9AA87A-39CE-4288-A95A-0B0A30ADA2A3}.Release|x86.ActiveCfg = Release|Any CPU
		{49706DF8-D951-4029-9318-237FBCF97126}.Debug|Any CPU.ActiveCfg = Debug|Any CPU
		{49706DF8-D951-4029-9318-237FBCF97126}.Debug|Any CPU.Build.0 = Debug|Any CPU
		{49706DF8-D951-4029-9318-237FBCF97126}.Debug|Mixed Platforms.ActiveCfg = Debug|Any CPU
		{49706DF8-D951-4029-9318-237FBCF97126}.Debug|Mixed Platforms.Build.0 = Debug|Any CPU
		{49706DF8-D951-4029-9318-237FBCF97126}.Debug|x86.ActiveCfg = Debug|Any CPU
		{49706DF8-D951-4029-9318-237FBCF97126}.Release|Any CPU.ActiveCfg = Release|Any CPU
		{49706DF8-D951-4029-9318-237FBCF97126}.Release|Any CPU.Build.0 = Release|Any CPU
		{49706DF8-D951-4029-9318-237FBCF97126}.Release|Mixed Platforms.ActiveCfg = Release|Any CPU
		{49706DF8-D951-4029-9318-237FBCF97126}.Release|Mixed Platforms.Build.0 = Release|Any CPU
		{49706DF8-D951-4029-9318-237FBCF97126}.Release|x86.ActiveCfg = Release|Any CPU
		{E955E85A-C19A-4FF5-946D-B1E629ED2F67}.Debug|Any CPU.ActiveCfg = Debug|Any CPU
		{E955E85A-C19A-4FF5-946D-B1E629ED2F67}.Debug|Any CPU.Build.0 = Debug|Any CPU
		{E955E85A-C19A-4FF5-946D-B1E629ED2F67}.Debug|Mixed Platforms.ActiveCfg = Debug|Any CPU
		{E955E85A-C19A-4FF5-946D-B1E629ED2F67}.Debug|Mixed Platforms.Build.0 = Debug|Any CPU
		{E955E85A-C19A-4FF5-946D-B1E629ED2F67}.Debug|x86.ActiveCfg = Debug|Any CPU
		{E955E85A-C19A-4FF5-946D-B1E629ED2F67}.Release|Any CPU.ActiveCfg = Release|Any CPU
		{E955E85A-C19A-4FF5-946D-B1E629ED2F67}.Release|Any CPU.Build.0 = Release|Any CPU
		{E955E85A-C19A-4FF5-946D-B1E629ED2F67}.Release|Mixed Platforms.ActiveCfg = Release|Any CPU
		{E955E85A-C19A-4FF5-946D-B1E629ED2F67}.Release|Mixed Platforms.Build.0 = Release|Any CPU
		{E955E85A-C19A-4FF5-946D-B1E629ED2F67}.Release|x86.ActiveCfg = Release|Any CPU
		{F2A45C64-05CB-4FC8-A5C6-55CEADA541C3}.Debug|Any CPU.ActiveCfg = Debug|x86
		{F2A45C64-05CB-4FC8-A5C6-55CEADA541C3}.Debug|Mixed Platforms.ActiveCfg = Debug|x86
		{F2A45C64-05CB-4FC8-A5C6-55CEADA541C3}.Debug|Mixed Platforms.Build.0 = Debug|x86
		{F2A45C64-05CB-4FC8-A5C6-55CEADA541C3}.Debug|x86.ActiveCfg = Debug|x86
		{F2A45C64-05CB-4FC8-A5C6-55CEADA541C3}.Debug|x86.Build.0 = Debug|x86
		{F2A45C64-05CB-4FC8-A5C6-55CEADA541C3}.Release|Any CPU.ActiveCfg = Release|x86
		{F2A45C64-05CB-4FC8-A5C6-55CEADA541C3}.Release|Mixed Platforms.ActiveCfg = Release|x86
		{F2A45C64-05CB-4FC8-A5C6-55CEADA541C3}.Release|Mixed Platforms.Build.0 = Release|x86
		{F2A45C64-05CB-4FC8-A5C6-55CEADA541C3}.Release|x86.ActiveCfg = Release|x86
		{F2A45C64-05CB-4FC8-A5C6-55CEADA541C3}.Release|x86.Build.0 = Release|x86
	EndGlobalSection
	GlobalSection(SolutionProperties) = preSolution
		HideSolutionNode = FALSE
	EndGlobalSection
	GlobalSection(MonoDevelopProperties) = preSolution
		StartupItem = MonoGame.Framework\MonoGame.Framework.Windows.csproj
	EndGlobalSection
EndGlobal
